// !$*UTF8*$!
{
	archiveVersion = 1;
	classes = {
	};
	objectVersion = 50;
	objects = {

/* Begin PBXBuildFile section */
		3D64B7A6262302592F0B0448 /* Pods_HelloWorld_HelloWorldUITests.framework in Frameworks */ = {isa = PBXBuildFile; fileRef = 56AB936B7DD7267026240969 /* Pods_HelloWorld_HelloWorldUITests.framework */; };
		46ED77504871351B6EE934D7 /* Pods_HelloWorldTests.framework in Frameworks */ = {isa = PBXBuildFile; fileRef = C91B72374AA1536F56A910A1 /* Pods_HelloWorldTests.framework */; };
		B4EBF94EC7F0BEC89AFFF4C2 /* Pods_HelloWorld.framework in Frameworks */ = {isa = PBXBuildFile; fileRef = 2D5B93DD902D1E2951D8933D /* Pods_HelloWorld.framework */; };
		C35C8C0D236807B800772BD9 /* AppDelegate.swift in Sources */ = {isa = PBXBuildFile; fileRef = C35C8C0C236807B800772BD9 /* AppDelegate.swift */; };
		C35C8C0F236807B800772BD9 /* SceneDelegate.swift in Sources */ = {isa = PBXBuildFile; fileRef = C35C8C0E236807B800772BD9 /* SceneDelegate.swift */; };
		C35C8C11236807B800772BD9 /* ContentView.swift in Sources */ = {isa = PBXBuildFile; fileRef = C35C8C10236807B800772BD9 /* ContentView.swift */; };
		C35C8C13236807BA00772BD9 /* Assets.xcassets in Resources */ = {isa = PBXBuildFile; fileRef = C35C8C12236807BA00772BD9 /* Assets.xcassets */; };
		C35C8C16236807BA00772BD9 /* Preview Assets.xcassets in Resources */ = {isa = PBXBuildFile; fileRef = C35C8C15236807BA00772BD9 /* Preview Assets.xcassets */; };
		C35C8C19236807BA00772BD9 /* LaunchScreen.storyboard in Resources */ = {isa = PBXBuildFile; fileRef = C35C8C17236807BA00772BD9 /* LaunchScreen.storyboard */; };
		C35C8C24236807BA00772BD9 /* HelloWorldTests.swift in Sources */ = {isa = PBXBuildFile; fileRef = C35C8C23236807BA00772BD9 /* HelloWorldTests.swift */; };
		C35C8C2F236807BA00772BD9 /* HelloWorldUITests.swift in Sources */ = {isa = PBXBuildFile; fileRef = C35C8C2E236807BA00772BD9 /* HelloWorldUITests.swift */; };
/* End PBXBuildFile section */

/* Begin PBXContainerItemProxy section */
		C35C8C20236807BA00772BD9 /* PBXContainerItemProxy */ = {
			isa = PBXContainerItemProxy;
			containerPortal = C35C8C01236807B700772BD9 /* Project object */;
			proxyType = 1;
			remoteGlobalIDString = C35C8C08236807B700772BD9;
			remoteInfo = HelloWorld;
		};
		C35C8C2B236807BA00772BD9 /* PBXContainerItemProxy */ = {
			isa = PBXContainerItemProxy;
			containerPortal = C35C8C01236807B700772BD9 /* Project object */;
			proxyType = 1;
			remoteGlobalIDString = C35C8C08236807B700772BD9;
			remoteInfo = HelloWorld;
		};
/* End PBXContainerItemProxy section */

/* Begin PBXFileReference section */
		2D5B93DD902D1E2951D8933D /* Pods_HelloWorld.framework */ = {isa = PBXFileReference; explicitFileType = wrapper.framework; includeInIndex = 0; path = Pods_HelloWorld.framework; sourceTree = BUILT_PRODUCTS_DIR; };
		56AB936B7DD7267026240969 /* Pods_HelloWorld_HelloWorldUITests.framework */ = {isa = PBXFileReference; explicitFileType = wrapper.framework; includeInIndex = 0; path = Pods_HelloWorld_HelloWorldUITests.framework; sourceTree = BUILT_PRODUCTS_DIR; };
		670525502A4FA468244DE908 /* Pods-HelloWorld.debug.xcconfig */ = {isa = PBXFileReference; includeInIndex = 1; lastKnownFileType = text.xcconfig; name = "Pods-HelloWorld.debug.xcconfig"; path = "Target Support Files/Pods-HelloWorld/Pods-HelloWorld.debug.xcconfig"; sourceTree = "<group>"; };
		9DCF84972F554B1CE7A41585 /* Pods-HelloWorld-HelloWorldUITests.debug.xcconfig */ = {isa = PBXFileReference; includeInIndex = 1; lastKnownFileType = text.xcconfig; name = "Pods-HelloWorld-HelloWorldUITests.debug.xcconfig"; path = "Target Support Files/Pods-HelloWorld-HelloWorldUITests/Pods-HelloWorld-HelloWorldUITests.debug.xcconfig"; sourceTree = "<group>"; };
		A48FDB3120F5EFB889DC74EA /* Pods-HelloWorld-HelloWorldUITests.release.xcconfig */ = {isa = PBXFileReference; includeInIndex = 1; lastKnownFileType = text.xcconfig; name = "Pods-HelloWorld-HelloWorldUITests.release.xcconfig"; path = "Target Support Files/Pods-HelloWorld-HelloWorldUITests/Pods-HelloWorld-HelloWorldUITests.release.xcconfig"; sourceTree = "<group>"; };
		A91AE0025E7FBB14A82E890A /* Pods-HelloWorldTests.release.xcconfig */ = {isa = PBXFileReference; includeInIndex = 1; lastKnownFileType = text.xcconfig; name = "Pods-HelloWorldTests.release.xcconfig"; path = "Target Support Files/Pods-HelloWorldTests/Pods-HelloWorldTests.release.xcconfig"; sourceTree = "<group>"; };
		B6C72A24CB683A9DABE98E70 /* Pods-HelloWorldTests.debug.xcconfig */ = {isa = PBXFileReference; includeInIndex = 1; lastKnownFileType = text.xcconfig; name = "Pods-HelloWorldTests.debug.xcconfig"; path = "Target Support Files/Pods-HelloWorldTests/Pods-HelloWorldTests.debug.xcconfig"; sourceTree = "<group>"; };
		C35C8C09236807B700772BD9 /* HelloWorld.app */ = {isa = PBXFileReference; explicitFileType = wrapper.application; includeInIndex = 0; path = HelloWorld.app; sourceTree = BUILT_PRODUCTS_DIR; };
		C35C8C0C236807B800772BD9 /* AppDelegate.swift */ = {isa = PBXFileReference; lastKnownFileType = sourcecode.swift; path = AppDelegate.swift; sourceTree = "<group>"; };
		C35C8C0E236807B800772BD9 /* SceneDelegate.swift */ = {isa = PBXFileReference; lastKnownFileType = sourcecode.swift; path = SceneDelegate.swift; sourceTree = "<group>"; };
		C35C8C10236807B800772BD9 /* ContentView.swift */ = {isa = PBXFileReference; lastKnownFileType = sourcecode.swift; path = ContentView.swift; sourceTree = "<group>"; };
		C35C8C12236807BA00772BD9 /* Assets.xcassets */ = {isa = PBXFileReference; lastKnownFileType = folder.assetcatalog; path = Assets.xcassets; sourceTree = "<group>"; };
		C35C8C15236807BA00772BD9 /* Preview Assets.xcassets */ = {isa = PBXFileReference; lastKnownFileType = folder.assetcatalog; path = "Preview Assets.xcassets"; sourceTree = "<group>"; };
		C35C8C18236807BA00772BD9 /* Base */ = {isa = PBXFileReference; lastKnownFileType = file.storyboard; name = Base; path = Base.lproj/LaunchScreen.storyboard; sourceTree = "<group>"; };
		C35C8C1A236807BA00772BD9 /* Info.plist */ = {isa = PBXFileReference; lastKnownFileType = text.plist.xml; path = Info.plist; sourceTree = "<group>"; };
		C35C8C1F236807BA00772BD9 /* HelloWorldTests.xctest */ = {isa = PBXFileReference; explicitFileType = wrapper.cfbundle; includeInIndex = 0; path = HelloWorldTests.xctest; sourceTree = BUILT_PRODUCTS_DIR; };
		C35C8C23236807BA00772BD9 /* HelloWorldTests.swift */ = {isa = PBXFileReference; lastKnownFileType = sourcecode.swift; path = HelloWorldTests.swift; sourceTree = "<group>"; };
		C35C8C25236807BA00772BD9 /* Info.plist */ = {isa = PBXFileReference; lastKnownFileType = text.plist.xml; path = Info.plist; sourceTree = "<group>"; };
		C35C8C2A236807BA00772BD9 /* HelloWorldUITests.xctest */ = {isa = PBXFileReference; explicitFileType = wrapper.cfbundle; includeInIndex = 0; path = HelloWorldUITests.xctest; sourceTree = BUILT_PRODUCTS_DIR; };
		C35C8C2E236807BA00772BD9 /* HelloWorldUITests.swift */ = {isa = PBXFileReference; lastKnownFileType = sourcecode.swift; path = HelloWorldUITests.swift; sourceTree = "<group>"; };
		C35C8C30236807BA00772BD9 /* Info.plist */ = {isa = PBXFileReference; lastKnownFileType = text.plist.xml; path = Info.plist; sourceTree = "<group>"; };
		C91B72374AA1536F56A910A1 /* Pods_HelloWorldTests.framework */ = {isa = PBXFileReference; explicitFileType = wrapper.framework; includeInIndex = 0; path = Pods_HelloWorldTests.framework; sourceTree = BUILT_PRODUCTS_DIR; };
		DA05D184A5E164DA10B09E8C /* Pods-HelloWorld.release.xcconfig */ = {isa = PBXFileReference; includeInIndex = 1; lastKnownFileType = text.xcconfig; name = "Pods-HelloWorld.release.xcconfig"; path = "Target Support Files/Pods-HelloWorld/Pods-HelloWorld.release.xcconfig"; sourceTree = "<group>"; };
/* End PBXFileReference section */

/* Begin PBXFrameworksBuildPhase section */
		C35C8C06236807B700772BD9 /* Frameworks */ = {
			isa = PBXFrameworksBuildPhase;
			buildActionMask = 2147483647;
			files = (
				B4EBF94EC7F0BEC89AFFF4C2 /* Pods_HelloWorld.framework in Frameworks */,
			);
			runOnlyForDeploymentPostprocessing = 0;
		};
		C35C8C1C236807BA00772BD9 /* Frameworks */ = {
			isa = PBXFrameworksBuildPhase;
			buildActionMask = 2147483647;
			files = (
				46ED77504871351B6EE934D7 /* Pods_HelloWorldTests.framework in Frameworks */,
			);
			runOnlyForDeploymentPostprocessing = 0;
		};
		C35C8C27236807BA00772BD9 /* Frameworks */ = {
			isa = PBXFrameworksBuildPhase;
			buildActionMask = 2147483647;
			files = (
				3D64B7A6262302592F0B0448 /* Pods_HelloWorld_HelloWorldUITests.framework in Frameworks */,
			);
			runOnlyForDeploymentPostprocessing = 0;
		};
/* End PBXFrameworksBuildPhase section */

/* Begin PBXGroup section */
		775C128C08753EA21D6E864A /* Pods */ = {
			isa = PBXGroup;
			children = (
				670525502A4FA468244DE908 /* Pods-HelloWorld.debug.xcconfig */,
				DA05D184A5E164DA10B09E8C /* Pods-HelloWorld.release.xcconfig */,
				9DCF84972F554B1CE7A41585 /* Pods-HelloWorld-HelloWorldUITests.debug.xcconfig */,
				A48FDB3120F5EFB889DC74EA /* Pods-HelloWorld-HelloWorldUITests.release.xcconfig */,
				B6C72A24CB683A9DABE98E70 /* Pods-HelloWorldTests.debug.xcconfig */,
				A91AE0025E7FBB14A82E890A /* Pods-HelloWorldTests.release.xcconfig */,
			);
			path = Pods;
			sourceTree = "<group>";
		};
		C35C8C00236807B700772BD9 = {
			isa = PBXGroup;
			children = (
				C35C8C0B236807B700772BD9 /* HelloWorld */,
				C35C8C22236807BA00772BD9 /* HelloWorldTests */,
				C35C8C2D236807BA00772BD9 /* HelloWorldUITests */,
				C35C8C0A236807B700772BD9 /* Products */,
				775C128C08753EA21D6E864A /* Pods */,
				E11C4A8080F96B8E087349D4 /* Frameworks */,
			);
			sourceTree = "<group>";
		};
		C35C8C0A236807B700772BD9 /* Products */ = {
			isa = PBXGroup;
			children = (
				C35C8C09236807B700772BD9 /* HelloWorld.app */,
				C35C8C1F236807BA00772BD9 /* HelloWorldTests.xctest */,
				C35C8C2A236807BA00772BD9 /* HelloWorldUITests.xctest */,
			);
			name = Products;
			sourceTree = "<group>";
		};
		C35C8C0B236807B700772BD9 /* HelloWorld */ = {
			isa = PBXGroup;
			children = (
				C35C8C0C236807B800772BD9 /* AppDelegate.swift */,
				C35C8C0E236807B800772BD9 /* SceneDelegate.swift */,
				C35C8C10236807B800772BD9 /* ContentView.swift */,
				C35C8C12236807BA00772BD9 /* Assets.xcassets */,
				C35C8C17236807BA00772BD9 /* LaunchScreen.storyboard */,
				C35C8C1A236807BA00772BD9 /* Info.plist */,
				C35C8C14236807BA00772BD9 /* Preview Content */,
			);
			path = HelloWorld;
			sourceTree = "<group>";
		};
		C35C8C14236807BA00772BD9 /* Preview Content */ = {
			isa = PBXGroup;
			children = (
				C35C8C15236807BA00772BD9 /* Preview Assets.xcassets */,
			);
			path = "Preview Content";
			sourceTree = "<group>";
		};
		C35C8C22236807BA00772BD9 /* HelloWorldTests */ = {
			isa = PBXGroup;
			children = (
				C35C8C23236807BA00772BD9 /* HelloWorldTests.swift */,
				C35C8C25236807BA00772BD9 /* Info.plist */,
			);
			path = HelloWorldTests;
			sourceTree = "<group>";
		};
		C35C8C2D236807BA00772BD9 /* HelloWorldUITests */ = {
			isa = PBXGroup;
			children = (
				C35C8C2E236807BA00772BD9 /* HelloWorldUITests.swift */,
				C35C8C30236807BA00772BD9 /* Info.plist */,
			);
			path = HelloWorldUITests;
			sourceTree = "<group>";
		};
		E11C4A8080F96B8E087349D4 /* Frameworks */ = {
			isa = PBXGroup;
			children = (
				2D5B93DD902D1E2951D8933D /* Pods_HelloWorld.framework */,
				56AB936B7DD7267026240969 /* Pods_HelloWorld_HelloWorldUITests.framework */,
				C91B72374AA1536F56A910A1 /* Pods_HelloWorldTests.framework */,
			);
			name = Frameworks;
			sourceTree = "<group>";
		};
/* End PBXGroup section */

/* Begin PBXNativeTarget section */
		C35C8C08236807B700772BD9 /* HelloWorld */ = {
			isa = PBXNativeTarget;
			buildConfigurationList = C35C8C33236807BA00772BD9 /* Build configuration list for PBXNativeTarget "HelloWorld" */;
			buildPhases = (
				7A2F3C1BDCAB6AE97DFC8ABE /* [CP] Check Pods Manifest.lock */,
				C35C8C05236807B700772BD9 /* Sources */,
				C35C8C06236807B700772BD9 /* Frameworks */,
				C35C8C07236807B700772BD9 /* Resources */,
			);
			buildRules = (
			);
			dependencies = (
			);
			name = HelloWorld;
			productName = HelloWorld;
			productReference = C35C8C09236807B700772BD9 /* HelloWorld.app */;
			productType = "com.apple.product-type.application";
		};
		C35C8C1E236807BA00772BD9 /* HelloWorldTests */ = {
			isa = PBXNativeTarget;
			buildConfigurationList = C35C8C36236807BA00772BD9 /* Build configuration list for PBXNativeTarget "HelloWorldTests" */;
			buildPhases = (
				81D53F73CDC45595FBACE175 /* [CP] Check Pods Manifest.lock */,
				C35C8C1B236807BA00772BD9 /* Sources */,
				C35C8C1C236807BA00772BD9 /* Frameworks */,
				C35C8C1D236807BA00772BD9 /* Resources */,
			);
			buildRules = (
			);
			dependencies = (
				C35C8C21236807BA00772BD9 /* PBXTargetDependency */,
			);
			name = HelloWorldTests;
			productName = HelloWorldTests;
			productReference = C35C8C1F236807BA00772BD9 /* HelloWorldTests.xctest */;
			productType = "com.apple.product-type.bundle.unit-test";
		};
		C35C8C29236807BA00772BD9 /* HelloWorldUITests */ = {
			isa = PBXNativeTarget;
			buildConfigurationList = C35C8C39236807BA00772BD9 /* Build configuration list for PBXNativeTarget "HelloWorldUITests" */;
			buildPhases = (
				5737B43EE5CD0F61EF162B01 /* [CP] Check Pods Manifest.lock */,
				C35C8C26236807BA00772BD9 /* Sources */,
				C35C8C27236807BA00772BD9 /* Frameworks */,
				C35C8C28236807BA00772BD9 /* Resources */,
			);
			buildRules = (
			);
			dependencies = (
				C35C8C2C236807BA00772BD9 /* PBXTargetDependency */,
			);
			name = HelloWorldUITests;
			productName = HelloWorldUITests;
			productReference = C35C8C2A236807BA00772BD9 /* HelloWorldUITests.xctest */;
			productType = "com.apple.product-type.bundle.ui-testing";
		};
/* End PBXNativeTarget section */

/* Begin PBXProject section */
		C35C8C01236807B700772BD9 /* Project object */ = {
			isa = PBXProject;
			attributes = {
				LastSwiftUpdateCheck = 1110;
				LastUpgradeCheck = 1110;
				ORGANIZATIONNAME = Buildpan;
				TargetAttributes = {
					C35C8C08236807B700772BD9 = {
						CreatedOnToolsVersion = 11.1;
					};
					C35C8C1E236807BA00772BD9 = {
						CreatedOnToolsVersion = 11.1;
						TestTargetID = C35C8C08236807B700772BD9;
					};
					C35C8C29236807BA00772BD9 = {
						CreatedOnToolsVersion = 11.1;
						TestTargetID = C35C8C08236807B700772BD9;
					};
				};
			};
			buildConfigurationList = C35C8C04236807B700772BD9 /* Build configuration list for PBXProject "HelloWorld" */;
			compatibilityVersion = "Xcode 9.3";
			developmentRegion = en;
			hasScannedForEncodings = 0;
			knownRegions = (
				en,
				Base,
			);
			mainGroup = C35C8C00236807B700772BD9;
			productRefGroup = C35C8C0A236807B700772BD9 /* Products */;
			projectDirPath = "";
			projectRoot = "";
			targets = (
				C35C8C08236807B700772BD9 /* HelloWorld */,
				C35C8C1E236807BA00772BD9 /* HelloWorldTests */,
				C35C8C29236807BA00772BD9 /* HelloWorldUITests */,
			);
		};
/* End PBXProject section */

/* Begin PBXResourcesBuildPhase section */
		C35C8C07236807B700772BD9 /* Resources */ = {
			isa = PBXResourcesBuildPhase;
			buildActionMask = 2147483647;
			files = (
				C35C8C19236807BA00772BD9 /* LaunchScreen.storyboard in Resources */,
				C35C8C16236807BA00772BD9 /* Preview Assets.xcassets in Resources */,
				C35C8C13236807BA00772BD9 /* Assets.xcassets in Resources */,
			);
			runOnlyForDeploymentPostprocessing = 0;
		};
		C35C8C1D236807BA00772BD9 /* Resources */ = {
			isa = PBXResourcesBuildPhase;
			buildActionMask = 2147483647;
			files = (
			);
			runOnlyForDeploymentPostprocessing = 0;
		};
		C35C8C28236807BA00772BD9 /* Resources */ = {
			isa = PBXResourcesBuildPhase;
			buildActionMask = 2147483647;
			files = (
			);
			runOnlyForDeploymentPostprocessing = 0;
		};
/* End PBXResourcesBuildPhase section */

/* Begin PBXShellScriptBuildPhase section */
		5737B43EE5CD0F61EF162B01 /* [CP] Check Pods Manifest.lock */ = {
			isa = PBXShellScriptBuildPhase;
			buildActionMask = 2147483647;
			files = (
			);
			inputFileListPaths = (
			);
			inputPaths = (
				"${PODS_PODFILE_DIR_PATH}/Podfile.lock",
				"${PODS_ROOT}/Manifest.lock",
			);
			name = "[CP] Check Pods Manifest.lock";
			outputFileListPaths = (
			);
			outputPaths = (
				"$(DERIVED_FILE_DIR)/Pods-HelloWorld-HelloWorldUITests-checkManifestLockResult.txt",
			);
			runOnlyForDeploymentPostprocessing = 0;
			shellPath = /bin/sh;
			shellScript = "diff \"${PODS_PODFILE_DIR_PATH}/Podfile.lock\" \"${PODS_ROOT}/Manifest.lock\" > /dev/null\nif [ $? != 0 ] ; then\n    # print error to STDERR\n    echo \"error: The sandbox is not in sync with the Podfile.lock. Run 'pod install' or update your CocoaPods installation.\" >&2\n    exit 1\nfi\n# This output is used by Xcode 'outputs' to avoid re-running this script phase.\necho \"SUCCESS\" > \"${SCRIPT_OUTPUT_FILE_0}\"\n";
			showEnvVarsInLog = 0;
		};
		7A2F3C1BDCAB6AE97DFC8ABE /* [CP] Check Pods Manifest.lock */ = {
			isa = PBXShellScriptBuildPhase;
			buildActionMask = 2147483647;
			files = (
			);
			inputFileListPaths = (
			);
			inputPaths = (
				"${PODS_PODFILE_DIR_PATH}/Podfile.lock",
				"${PODS_ROOT}/Manifest.lock",
			);
			name = "[CP] Check Pods Manifest.lock";
			outputFileListPaths = (
			);
			outputPaths = (
				"$(DERIVED_FILE_DIR)/Pods-HelloWorld-checkManifestLockResult.txt",
			);
			runOnlyForDeploymentPostprocessing = 0;
			shellPath = /bin/sh;
			shellScript = "diff \"${PODS_PODFILE_DIR_PATH}/Podfile.lock\" \"${PODS_ROOT}/Manifest.lock\" > /dev/null\nif [ $? != 0 ] ; then\n    # print error to STDERR\n    echo \"error: The sandbox is not in sync with the Podfile.lock. Run 'pod install' or update your CocoaPods installation.\" >&2\n    exit 1\nfi\n# This output is used by Xcode 'outputs' to avoid re-running this script phase.\necho \"SUCCESS\" > \"${SCRIPT_OUTPUT_FILE_0}\"\n";
			showEnvVarsInLog = 0;
		};
		81D53F73CDC45595FBACE175 /* [CP] Check Pods Manifest.lock */ = {
			isa = PBXShellScriptBuildPhase;
			buildActionMask = 2147483647;
			files = (
			);
			inputFileListPaths = (
			);
			inputPaths = (
				"${PODS_PODFILE_DIR_PATH}/Podfile.lock",
				"${PODS_ROOT}/Manifest.lock",
			);
			name = "[CP] Check Pods Manifest.lock";
			outputFileListPaths = (
			);
			outputPaths = (
				"$(DERIVED_FILE_DIR)/Pods-HelloWorldTests-checkManifestLockResult.txt",
			);
			runOnlyForDeploymentPostprocessing = 0;
			shellPath = /bin/sh;
			shellScript = "diff \"${PODS_PODFILE_DIR_PATH}/Podfile.lock\" \"${PODS_ROOT}/Manifest.lock\" > /dev/null\nif [ $? != 0 ] ; then\n    # print error to STDERR\n    echo \"error: The sandbox is not in sync with the Podfile.lock. Run 'pod install' or update your CocoaPods installation.\" >&2\n    exit 1\nfi\n# This output is used by Xcode 'outputs' to avoid re-running this script phase.\necho \"SUCCESS\" > \"${SCRIPT_OUTPUT_FILE_0}\"\n";
			showEnvVarsInLog = 0;
		};
/* End PBXShellScriptBuildPhase section */

/* Begin PBXSourcesBuildPhase section */
		C35C8C05236807B700772BD9 /* Sources */ = {
			isa = PBXSourcesBuildPhase;
			buildActionMask = 2147483647;
			files = (
				C35C8C0D236807B800772BD9 /* AppDelegate.swift in Sources */,
				C35C8C0F236807B800772BD9 /* SceneDelegate.swift in Sources */,
				C35C8C11236807B800772BD9 /* ContentView.swift in Sources */,
			);
			runOnlyForDeploymentPostprocessing = 0;
		};
		C35C8C1B236807BA00772BD9 /* Sources */ = {
			isa = PBXSourcesBuildPhase;
			buildActionMask = 2147483647;
			files = (
				C35C8C24236807BA00772BD9 /* HelloWorldTests.swift in Sources */,
			);
			runOnlyForDeploymentPostprocessing = 0;
		};
		C35C8C26236807BA00772BD9 /* Sources */ = {
			isa = PBXSourcesBuildPhase;
			buildActionMask = 2147483647;
			files = (
				C35C8C2F236807BA00772BD9 /* HelloWorldUITests.swift in Sources */,
			);
			runOnlyForDeploymentPostprocessing = 0;
		};
/* End PBXSourcesBuildPhase section */

/* Begin PBXTargetDependency section */
		C35C8C21236807BA00772BD9 /* PBXTargetDependency */ = {
			isa = PBXTargetDependency;
			target = C35C8C08236807B700772BD9 /* HelloWorld */;
			targetProxy = C35C8C20236807BA00772BD9 /* PBXContainerItemProxy */;
		};
		C35C8C2C236807BA00772BD9 /* PBXTargetDependency */ = {
			isa = PBXTargetDependency;
			target = C35C8C08236807B700772BD9 /* HelloWorld */;
			targetProxy = C35C8C2B236807BA00772BD9 /* PBXContainerItemProxy */;
		};
/* End PBXTargetDependency section */

/* Begin PBXVariantGroup section */
		C35C8C17236807BA00772BD9 /* LaunchScreen.storyboard */ = {
			isa = PBXVariantGroup;
			children = (
				C35C8C18236807BA00772BD9 /* Base */,
			);
			name = LaunchScreen.storyboard;
			sourceTree = "<group>";
		};
/* End PBXVariantGroup section */

/* Begin XCBuildConfiguration section */
		C35C8C31236807BA00772BD9 /* Debug */ = {
			isa = XCBuildConfiguration;
			buildSettings = {
				ALWAYS_SEARCH_USER_PATHS = NO;
				CLANG_ANALYZER_NONNULL = YES;
				CLANG_ANALYZER_NUMBER_OBJECT_CONVERSION = YES_AGGRESSIVE;
				CLANG_CXX_LANGUAGE_STANDARD = "gnu++14";
				CLANG_CXX_LIBRARY = "libc++";
				CLANG_ENABLE_MODULES = YES;
				CLANG_ENABLE_OBJC_ARC = YES;
				CLANG_ENABLE_OBJC_WEAK = YES;
				CLANG_WARN_BLOCK_CAPTURE_AUTORELEASING = YES;
				CLANG_WARN_BOOL_CONVERSION = YES;
				CLANG_WARN_COMMA = YES;
				CLANG_WARN_CONSTANT_CONVERSION = YES;
				CLANG_WARN_DEPRECATED_OBJC_IMPLEMENTATIONS = YES;
				CLANG_WARN_DIRECT_OBJC_ISA_USAGE = YES_ERROR;
				CLANG_WARN_DOCUMENTATION_COMMENTS = YES;
				CLANG_WARN_EMPTY_BODY = YES;
				CLANG_WARN_ENUM_CONVERSION = YES;
				CLANG_WARN_INFINITE_RECURSION = YES;
				CLANG_WARN_INT_CONVERSION = YES;
				CLANG_WARN_NON_LITERAL_NULL_CONVERSION = YES;
				CLANG_WARN_OBJC_IMPLICIT_RETAIN_SELF = YES;
				CLANG_WARN_OBJC_LITERAL_CONVERSION = YES;
				CLANG_WARN_OBJC_ROOT_CLASS = YES_ERROR;
				CLANG_WARN_RANGE_LOOP_ANALYSIS = YES;
				CLANG_WARN_STRICT_PROTOTYPES = YES;
				CLANG_WARN_SUSPICIOUS_MOVE = YES;
				CLANG_WARN_UNGUARDED_AVAILABILITY = YES_AGGRESSIVE;
				CLANG_WARN_UNREACHABLE_CODE = YES;
				CLANG_WARN__DUPLICATE_METHOD_MATCH = YES;
				COPY_PHASE_STRIP = NO;
				DEBUG_INFORMATION_FORMAT = dwarf;
				ENABLE_STRICT_OBJC_MSGSEND = YES;
				ENABLE_TESTABILITY = YES;
				GCC_C_LANGUAGE_STANDARD = gnu11;
				GCC_DYNAMIC_NO_PIC = NO;
				GCC_NO_COMMON_BLOCKS = YES;
				GCC_OPTIMIZATION_LEVEL = 0;
				GCC_PREPROCESSOR_DEFINITIONS = (
					"DEBUG=1",
					"$(inherited)",
				);
				GCC_WARN_64_TO_32_BIT_CONVERSION = YES;
				GCC_WARN_ABOUT_RETURN_TYPE = YES_ERROR;
				GCC_WARN_UNDECLARED_SELECTOR = YES;
				GCC_WARN_UNINITIALIZED_AUTOS = YES_AGGRESSIVE;
				GCC_WARN_UNUSED_FUNCTION = YES;
				GCC_WARN_UNUSED_VARIABLE = YES;
				IPHONEOS_DEPLOYMENT_TARGET = 13.1;
				MTL_ENABLE_DEBUG_INFO = INCLUDE_SOURCE;
				MTL_FAST_MATH = YES;
				ONLY_ACTIVE_ARCH = YES;
				SDKROOT = iphoneos;
				SWIFT_ACTIVE_COMPILATION_CONDITIONS = DEBUG;
				SWIFT_OPTIMIZATION_LEVEL = "-Onone";
			};
			name = Debug;
		};
		C35C8C32236807BA00772BD9 /* Release */ = {
			isa = XCBuildConfiguration;
			buildSettings = {
				ALWAYS_SEARCH_USER_PATHS = NO;
				CLANG_ANALYZER_NONNULL = YES;
				CLANG_ANALYZER_NUMBER_OBJECT_CONVERSION = YES_AGGRESSIVE;
				CLANG_CXX_LANGUAGE_STANDARD = "gnu++14";
				CLANG_CXX_LIBRARY = "libc++";
				CLANG_ENABLE_MODULES = YES;
				CLANG_ENABLE_OBJC_ARC = YES;
				CLANG_ENABLE_OBJC_WEAK = YES;
				CLANG_WARN_BLOCK_CAPTURE_AUTORELEASING = YES;
				CLANG_WARN_BOOL_CONVERSION = YES;
				CLANG_WARN_COMMA = YES;
				CLANG_WARN_CONSTANT_CONVERSION = YES;
				CLANG_WARN_DEPRECATED_OBJC_IMPLEMENTATIONS = YES;
				CLANG_WARN_DIRECT_OBJC_ISA_USAGE = YES_ERROR;
				CLANG_WARN_DOCUMENTATION_COMMENTS = YES;
				CLANG_WARN_EMPTY_BODY = YES;
				CLANG_WARN_ENUM_CONVERSION = YES;
				CLANG_WARN_INFINITE_RECURSION = YES;
				CLANG_WARN_INT_CONVERSION = YES;
				CLANG_WARN_NON_LITERAL_NULL_CONVERSION = YES;
				CLANG_WARN_OBJC_IMPLICIT_RETAIN_SELF = YES;
				CLANG_WARN_OBJC_LITERAL_CONVERSION = YES;
				CLANG_WARN_OBJC_ROOT_CLASS = YES_ERROR;
				CLANG_WARN_RANGE_LOOP_ANALYSIS = YES;
				CLANG_WARN_STRICT_PROTOTYPES = YES;
				CLANG_WARN_SUSPICIOUS_MOVE = YES;
				CLANG_WARN_UNGUARDED_AVAILABILITY = YES_AGGRESSIVE;
				CLANG_WARN_UNREACHABLE_CODE = YES;
				CLANG_WARN__DUPLICATE_METHOD_MATCH = YES;
				COPY_PHASE_STRIP = NO;
				DEBUG_INFORMATION_FORMAT = "dwarf-with-dsym";
				ENABLE_NS_ASSERTIONS = NO;
				ENABLE_STRICT_OBJC_MSGSEND = YES;
				GCC_C_LANGUAGE_STANDARD = gnu11;
				GCC_NO_COMMON_BLOCKS = YES;
				GCC_WARN_64_TO_32_BIT_CONVERSION = YES;
				GCC_WARN_ABOUT_RETURN_TYPE = YES_ERROR;
				GCC_WARN_UNDECLARED_SELECTOR = YES;
				GCC_WARN_UNINITIALIZED_AUTOS = YES_AGGRESSIVE;
				GCC_WARN_UNUSED_FUNCTION = YES;
				GCC_WARN_UNUSED_VARIABLE = YES;
				IPHONEOS_DEPLOYMENT_TARGET = 13.1;
				MTL_ENABLE_DEBUG_INFO = NO;
				MTL_FAST_MATH = YES;
				SDKROOT = iphoneos;
				SWIFT_COMPILATION_MODE = wholemodule;
				SWIFT_OPTIMIZATION_LEVEL = "-O";
				VALIDATE_PRODUCT = YES;
			};
			name = Release;
		};
		C35C8C34236807BA00772BD9 /* Debug */ = {
			isa = XCBuildConfiguration;
			baseConfigurationReference = 670525502A4FA468244DE908 /* Pods-HelloWorld.debug.xcconfig */;
			buildSettings = {
				ASSETCATALOG_COMPILER_APPICON_NAME = AppIcon;
				CODE_SIGN_STYLE = Automatic;
				DEVELOPMENT_ASSET_PATHS = "\"HelloWorld/Preview Content\"";
				ENABLE_PREVIEWS = YES;
				INFOPLIST_FILE = HelloWorld/Info.plist;
				LD_RUNPATH_SEARCH_PATHS = (
					"$(inherited)",
					"@executable_path/Frameworks",
				);
				PRODUCT_BUNDLE_IDENTIFIER = com.buildpan.HelloWorld;
				PRODUCT_NAME = "$(TARGET_NAME)";
				SWIFT_VERSION = 5.0;
				TARGETED_DEVICE_FAMILY = "1,2";
			};
			name = Debug;
		};
		C35C8C35236807BA00772BD9 /* Release */ = {
			isa = XCBuildConfiguration;
			baseConfigurationReference = DA05D184A5E164DA10B09E8C /* Pods-HelloWorld.release.xcconfig */;
			buildSettings = {
				ASSETCATALOG_COMPILER_APPICON_NAME = AppIcon;
				CODE_SIGN_STYLE = Automatic;
				DEVELOPMENT_ASSET_PATHS = "\"HelloWorld/Preview Content\"";
				ENABLE_PREVIEWS = YES;
				INFOPLIST_FILE = HelloWorld/Info.plist;
				LD_RUNPATH_SEARCH_PATHS = (
					"$(inherited)",
					"@executable_path/Frameworks",
				);
				PRODUCT_BUNDLE_IDENTIFIER = com.buildpan.HelloWorld;
				PRODUCT_NAME = "$(TARGET_NAME)";
				SWIFT_VERSION = 5.0;
				TARGETED_DEVICE_FAMILY = "1,2";
			};
			name = Release;
		};
		C35C8C37236807BA00772BD9 /* Debug */ = {
			isa = XCBuildConfiguration;
			baseConfigurationReference = B6C72A24CB683A9DABE98E70 /* Pods-HelloWorldTests.debug.xcconfig */;
			buildSettings = {
				ALWAYS_EMBED_SWIFT_STANDARD_LIBRARIES = YES;
				BUNDLE_LOADER = "$(TEST_HOST)";
				CODE_SIGN_STYLE = Automatic;
				INFOPLIST_FILE = HelloWorldTests/Info.plist;
				IPHONEOS_DEPLOYMENT_TARGET = 13.1;
				LD_RUNPATH_SEARCH_PATHS = (
					"$(inherited)",
					"@executable_path/Frameworks",
					"@loader_path/Frameworks",
				);
				PRODUCT_BUNDLE_IDENTIFIER = com.vogueme.HelloWorldTests;
				PRODUCT_NAME = "$(TARGET_NAME)";
				SWIFT_VERSION = 5.0;
				TARGETED_DEVICE_FAMILY = "1,2";
				TEST_HOST = "$(BUILT_PRODUCTS_DIR)/HelloWorld.app/HelloWorld";
			};
			name = Debug;
		};
		C35C8C38236807BA00772BD9 /* Release */ = {
			isa = XCBuildConfiguration;
			baseConfigurationReference = A91AE0025E7FBB14A82E890A /* Pods-HelloWorldTests.release.xcconfig */;
			buildSettings = {
				ALWAYS_EMBED_SWIFT_STANDARD_LIBRARIES = YES;
				BUNDLE_LOADER = "$(TEST_HOST)";
				CODE_SIGN_STYLE = Automatic;
				INFOPLIST_FILE = HelloWorldTests/Info.plist;
				IPHONEOS_DEPLOYMENT_TARGET = 13.1;
				LD_RUNPATH_SEARCH_PATHS = (
					"$(inherited)",
					"@executable_path/Frameworks",
					"@loader_path/Frameworks",
				);
				PRODUCT_BUNDLE_IDENTIFIER = com.vogueme.HelloWorldTests;
				PRODUCT_NAME = "$(TARGET_NAME)";
				SWIFT_VERSION = 5.0;
				TARGETED_DEVICE_FAMILY = "1,2";
				TEST_HOST = "$(BUILT_PRODUCTS_DIR)/HelloWorld.app/HelloWorld";
			};
			name = Release;
		};
		C35C8C3A236807BA00772BD9 /* Debug */ = {
			isa = XCBuildConfiguration;
			baseConfigurationReference = 9DCF84972F554B1CE7A41585 /* Pods-HelloWorld-HelloWorldUITests.debug.xcconfig */;
			buildSettings = {
				ALWAYS_EMBED_SWIFT_STANDARD_LIBRARIES = YES;
				CODE_SIGN_STYLE = Automatic;
				INFOPLIST_FILE = HelloWorldUITests/Info.plist;
				LD_RUNPATH_SEARCH_PATHS = (
					"$(inherited)",
					"@executable_path/Frameworks",
					"@loader_path/Frameworks",
				);
				PRODUCT_BUNDLE_IDENTIFIER = com.vogueme.HelloWorldUITests;
				PRODUCT_NAME = "$(TARGET_NAME)";
				SWIFT_VERSION = 5.0;
				TARGETED_DEVICE_FAMILY = "1,2";
				TEST_TARGET_NAME = HelloWorld;
			};
			name = Debug;
		};
		C35C8C3B236807BA00772BD9 /* Release */ = {
			isa = XCBuildConfiguration;
			baseConfigurationReference = A48FDB3120F5EFB889DC74EA /* Pods-HelloWorld-HelloWorldUITests.release.xcconfig */;
			buildSettings = {
				ALWAYS_EMBED_SWIFT_STANDARD_LIBRARIES = YES;
				CODE_SIGN_STYLE = Automatic;
				INFOPLIST_FILE = HelloWorldUITests/Info.plist;
				LD_RUNPATH_SEARCH_PATHS = (
					"$(inherited)",
					"@executable_path/Frameworks",
					"@loader_path/Frameworks",
				);
				PRODUCT_BUNDLE_IDENTIFIER = com.vogueme.HelloWorldUITests;
				PRODUCT_NAME = "$(TARGET_NAME)";
				SWIFT_VERSION = 5.0;
				TARGETED_DEVICE_FAMILY = "1,2";
				TEST_TARGET_NAME = HelloWorld;
			};
			name = Release;
		};
/* End XCBuildConfiguration section */

/* Begin XCConfigurationList section */
		C35C8C04236807B700772BD9 /* Build configuration list for PBXProject "HelloWorld" */ = {
			isa = XCConfigurationList;
			buildConfigurations = (
				C35C8C31236807BA00772BD9 /* Debug */,
				C35C8C32236807BA00772BD9 /* Release */,
			);
			defaultConfigurationIsVisible = 0;
			defaultConfigurationName = Release;
		};
		C35C8C33236807BA00772BD9 /* Build configuration list for PBXNativeTarget "HelloWorld" */ = {
			isa = XCConfigurationList;
			buildConfigurations = (
				C35C8C34236807BA00772BD9 /* Debug */,
				C35C8C35236807BA00772BD9 /* Release */,
			);
			defaultConfigurationIsVisible = 0;
			defaultConfigurationName = Release;
		};
		C35C8C36236807BA00772BD9 /* Build configuration list for PBXNativeTarget "HelloWorldTests" */ = {
			isa = XCConfigurationList;
			buildConfigurations = (
				C35C8C37236807BA00772BD9 /* Debug */,
				C35C8C38236807BA00772BD9 /* Release */,
			);
			defaultConfigurationIsVisible = 0;
			defaultConfigurationName = Release;
		};
		C35C8C39236807BA00772BD9 /* Build configuration list for PBXNativeTarget "HelloWorldUITests" */ = {
			isa = XCConfigurationList;
			buildConfigurations = (
				C35C8C3A236807BA00772BD9 /* Debug */,
				C35C8C3B236807BA00772BD9 /* Release */,
			);
			defaultConfigurationIsVisible = 0;
			defaultConfigurationName = Release;
		};
/* End XCConfigurationList section */
	};
	rootObject = C35C8C01236807B700772BD9 /* Project object */;
}
